
Microsoft Visual Studio Solution File, Format Version 12.00
# Visual Studio Version 17
VisualStudioVersion = 17.14.36930.0
MinimumVisualStudioVersion = 10.0.40219.1
Project("{8BC9CEB8-8B4A-11D0-8D11-00A0C91BC942}") = "net.core", "src\net.core\net.core.vcxproj", "{9FAA3DF8-3DC2-4CDD-AABF-7ECAE4A4FDCE}"
	ProjectSection(ProjectDependencies) = postProject
		{B5EC0B92-ACF3-4CFF-86E1-4D141EB63DEB} = {B5EC0B92-ACF3-4CFF-86E1-4D141EB63DEB}
		{E89B68B2-FBC4-4565-A035-29505F3D1702} = {E89B68B2-FBC4-4565-A035-29505F3D1702}
	EndProjectSection
EndProject
Project("{8BC9CEB8-8B4A-11D0-8D11-00A0C91BC942}") = "net.client", "src\net.client\net.client.vcxproj", "{F8423FD1-175D-4844-BE75-8C0FD0BB2276}"
	ProjectSection(ProjectDependencies) = postProject
		{4B9C2D3E-F5A6-4002-B3C4-D5E6F7A8B9C0} = {4B9C2D3E-F5A6-4002-B3C4-D5E6F7A8B9C0}
		{9FAA3DF8-3DC2-4CDD-AABF-7ECAE4A4FDCE} = {9FAA3DF8-3DC2-4CDD-AABF-7ECAE4A4FDCE}
		{B5EC0B92-ACF3-4CFF-86E1-4D141EB63DEB} = {B5EC0B92-ACF3-4CFF-86E1-4D141EB63DEB}
		{E89B68B2-FBC4-4565-A035-29505F3D1702} = {E89B68B2-FBC4-4565-A035-29505F3D1702}
	EndProjectSection
EndProject
Project("{8BC9CEB8-8B4A-11D0-8D11-00A0C91BC942}") = "net.packet", "src\net.packet\net.packet.vcxproj", "{B5EC0B92-ACF3-4CFF-86E1-4D141EB63DEB}"
	ProjectSection(ProjectDependencies) = postProject
		{E89B68B2-FBC4-4565-A035-29505F3D1702} = {E89B68B2-FBC4-4565-A035-29505F3D1702}
	EndProjectSection
EndProject
Project("{8BC9CEB8-8B4A-11D0-8D11-00A0C91BC942}") = "net.common", "src\net.common\net.common.vcxproj", "{E89B68B2-FBC4-4565-A035-29505F3D1702}"
EndProject
Project("{8BC9CEB8-8B4A-11D0-8D11-00A0C91BC942}") = "net.admin", "src\net.admin\net.admin.vcxproj", "{F49E6FEC-ABF4-4317-BE92-907F6D00D948}"
	ProjectSection(ProjectDependencies) = postProject
		{3A8B1C2D-E4F5-4001-A2B3-C4D5E6F7A8B9} = {3A8B1C2D-E4F5-4001-A2B3-C4D5E6F7A8B9}
		{9FAA3DF8-3DC2-4CDD-AABF-7ECAE4A4FDCE} = {9FAA3DF8-3DC2-4CDD-AABF-7ECAE4A4FDCE}
		{B5EC0B92-ACF3-4CFF-86E1-4D141EB63DEB} = {B5EC0B92-ACF3-4CFF-86E1-4D141EB63DEB}
		{E89B68B2-FBC4-4565-A035-29505F3D1702} = {E89B68B2-FBC4-4565-A035-29505F3D1702}
	EndProjectSection
EndProject
Project("{8BC9CEB8-8B4A-11D0-8D11-00A0C91BC942}") = "net.db.server", "src\net.db.server\net.db.server.vcxproj", "{6A2F7E6C-9A1B-4C2D-8E3F-7B5A1C2D3E4F}"
	ProjectSection(ProjectDependencies) = postProject
		{9FAA3DF8-3DC2-4CDD-AABF-7ECAE4A4FDCE} = {9FAA3DF8-3DC2-4CDD-AABF-7ECAE4A4FDCE}
		{B5EC0B92-ACF3-4CFF-86E1-4D141EB63DEB} = {B5EC0B92-ACF3-4CFF-86E1-4D141EB63DEB}
		{E84E5988-16BE-4AF4-8E49-47DEF26AEF9A} = {E84E5988-16BE-4AF4-8E49-47DEF26AEF9A}
		{E89B68B2-FBC4-4565-A035-29505F3D1702} = {E89B68B2-FBC4-4565-A035-29505F3D1702}
	EndProjectSection
EndProject
Project("{8BC9CEB8-8B4A-11D0-8D11-00A0C91BC942}") = "net.login.server", "src\net.login.server\net.login.server.vcxproj", "{5B2E8F7D-0B2C-5D3E-9F4A-8C6B2D3E4F5A}"
	ProjectSection(ProjectDependencies) = postProject
		{96E19982-90BD-4DAF-ADFC-207BC7C0F3E2} = {96E19982-90BD-4DAF-ADFC-207BC7C0F3E2}
		{9FAA3DF8-3DC2-4CDD-AABF-7ECAE4A4FDCE} = {9FAA3DF8-3DC2-4CDD-AABF-7ECAE4A4FDCE}
		{B5EC0B92-ACF3-4CFF-86E1-4D141EB63DEB} = {B5EC0B92-ACF3-4CFF-86E1-4D141EB63DEB}
		{E89B68B2-FBC4-4565-A035-29505F3D1702} = {E89B68B2-FBC4-4565-A035-29505F3D1702}
	EndProjectSection
EndProject
Project("{8BC9CEB8-8B4A-11D0-8D11-00A0C91BC942}") = "net.game.logic", "src\net.game.logic\net.game.logic.vcxproj", "{A3B8D1B6-0B3B-4B1A-9C14-1A2B3C4D5E6F}"
	ProjectSection(ProjectDependencies) = postProject
		{9FAA3DF8-3DC2-4CDD-AABF-7ECAE4A4FDCE} = {9FAA3DF8-3DC2-4CDD-AABF-7ECAE4A4FDCE}
		{B5EC0B92-ACF3-4CFF-86E1-4D141EB63DEB} = {B5EC0B92-ACF3-4CFF-86E1-4D141EB63DEB}
		{E89B68B2-FBC4-4565-A035-29505F3D1702} = {E89B68B2-FBC4-4565-A035-29505F3D1702}
	EndProjectSection
EndProject
Project("{8BC9CEB8-8B4A-11D0-8D11-00A0C91BC942}") = "net.game.server", "src\net.game.server\net.game.server.vcxproj", "{FE964760-67ED-46AE-A7E1-2DBA71E958FD}"
	ProjectSection(ProjectDependencies) = postProject
		{9FAA3DF8-3DC2-4CDD-AABF-7ECAE4A4FDCE} = {9FAA3DF8-3DC2-4CDD-AABF-7ECAE4A4FDCE}
		{A3B8D1B6-0B3B-4B1A-9C14-1A2B3C4D5E6F} = {A3B8D1B6-0B3B-4B1A-9C14-1A2B3C4D5E6F}
		{B5EC0B92-ACF3-4CFF-86E1-4D141EB63DEB} = {B5EC0B92-ACF3-4CFF-86E1-4D141EB63DEB}
		{E89B68B2-FBC4-4565-A035-29505F3D1702} = {E89B68B2-FBC4-4565-A035-29505F3D1702}
	EndProjectSection
EndProject
Project("{8BC9CEB8-8B4A-11D0-8D11-00A0C91BC942}") = "net.admin.logic", "src\net.admin.logic\net.admin.logic.vcxproj", "{3A8B1C2D-E4F5-4001-A2B3-C4D5E6F7A8B9}"
	ProjectSection(ProjectDependencies) = postProject
		{9FAA3DF8-3DC2-4CDD-AABF-7ECAE4A4FDCE} = {9FAA3DF8-3DC2-4CDD-AABF-7ECAE4A4FDCE}
		{B5EC0B92-ACF3-4CFF-86E1-4D141EB63DEB} = {B5EC0B92-ACF3-4CFF-86E1-4D141EB63DEB}
		{E89B68B2-FBC4-4565-A035-29505F3D1702} = {E89B68B2-FBC4-4565-A035-29505F3D1702}
	EndProjectSection
EndProject
Project("{8BC9CEB8-8B4A-11D0-8D11-00A0C91BC942}") = "net.client.logic", "src\net.client.logic\net.client.logic.vcxproj", "{4B9C2D3E-F5A6-4002-B3C4-D5E6F7A8B9C0}"
	ProjectSection(ProjectDependencies) = postProject
		{9FAA3DF8-3DC2-4CDD-AABF-7ECAE4A4FDCE} = {9FAA3DF8-3DC2-4CDD-AABF-7ECAE4A4FDCE}
		{B5EC0B92-ACF3-4CFF-86E1-4D141EB63DEB} = {B5EC0B92-ACF3-4CFF-86E1-4D141EB63DEB}
		{E89B68B2-FBC4-4565-A035-29505F3D1702} = {E89B68B2-FBC4-4565-A035-29505F3D1702}
	EndProjectSection
EndProject
Project("{8BC9CEB8-8B4A-11D0-8D11-00A0C91BC942}") = "net.db.server.logic", "src\net.db.server.logic\net.db.server.logic.vcxproj", "{E84E5988-16BE-4AF4-8E49-47DEF26AEF9A}"
	ProjectSection(ProjectDependencies) = postProject
		{9FAA3DF8-3DC2-4CDD-AABF-7ECAE4A4FDCE} = {9FAA3DF8-3DC2-4CDD-AABF-7ECAE4A4FDCE}
		{B5EC0B92-ACF3-4CFF-86E1-4D141EB63DEB} = {B5EC0B92-ACF3-4CFF-86E1-4D141EB63DEB}
		{E89B68B2-FBC4-4565-A035-29505F3D1702} = {E89B68B2-FBC4-4565-A035-29505F3D1702}
	EndProjectSection
EndProject
Project("{8BC9CEB8-8B4A-11D0-8D11-00A0C91BC942}") = "net.login.server.logic", "src\net.login.server.logic\net.login.server.logic.vcxproj", "{96E19982-90BD-4DAF-ADFC-207BC7C0F3E2}"
	ProjectSection(ProjectDependencies) = postProject
		{9FAA3DF8-3DC2-4CDD-AABF-7ECAE4A4FDCE} = {9FAA3DF8-3DC2-4CDD-AABF-7ECAE4A4FDCE}
		{B5EC0B92-ACF3-4CFF-86E1-4D141EB63DEB} = {B5EC0B92-ACF3-4CFF-86E1-4D141EB63DEB}
		{E89B68B2-FBC4-4565-A035-29505F3D1702} = {E89B68B2-FBC4-4565-A035-29505F3D1702}
	EndProjectSection
EndProject
Global
	GlobalSection(SolutionConfigurationPlatforms) = preSolution
		Debug|x64 = Debug|x64
		Debug|x86 = Debug|x86
		Release|x64 = Release|x64
		Release|x86 = Release|x86
	EndGlobalSection
	GlobalSection(ProjectConfigurationPlatforms) = postSolution
		{9FAA3DF8-3DC2-4CDD-AABF-7ECAE4A4FDCE}.Debug|x64.ActiveCfg = Debug|x64
		{9FAA3DF8-3DC2-4CDD-AABF-7ECAE4A4FDCE}.Debug|x64.Build.0 = Debug|x64
		{9FAA3DF8-3DC2-4CDD-AABF-7ECAE4A4FDCE}.Debug|x86.ActiveCfg = Debug|Win32
		{9FAA3DF8-3DC2-4CDD-AABF-7ECAE4A4FDCE}.Debug|x86.Build.0 = Debug|Win32
		{9FAA3DF8-3DC2-4CDD-AABF-7ECAE4A4FDCE}.Release|x64.ActiveCfg = Release|x64
		{9FAA3DF8-3DC2-4CDD-AABF-7ECAE4A4FDCE}.Release|x64.Build.0 = Release|x64
		{9FAA3DF8-3DC2-4CDD-AABF-7ECAE4A4FDCE}.Release|x86.ActiveCfg = Release|Win32
		{9FAA3DF8-3DC2-4CDD-AABF-7ECAE4A4FDCE}.Release|x86.Build.0 = Release|Win32
		{F8423FD1-175D-4844-BE75-8C0FD0BB2276}.Debug|x64.ActiveCfg = Debug|x64
		{F8423FD1-175D-4844-BE75-8C0FD0BB2276}.Debug|x64.Build.0 = Debug|x64
		{F8423FD1-175D-4844-BE75-8C0FD0BB2276}.Debug|x86.ActiveCfg = Debug|Win32
		{F8423FD1-175D-4844-BE75-8C0FD0BB2276}.Debug|x86.Build.0 = Debug|Win32
		{F8423FD1-175D-4844-BE75-8C0FD0BB2276}.Release|x64.ActiveCfg = Release|x64
		{F8423FD1-175D-4844-BE75-8C0FD0BB2276}.Release|x64.Build.0 = Release|x64
		{F8423FD1-175D-4844-BE75-8C0FD0BB2276}.Release|x86.ActiveCfg = Release|Win32
		{F8423FD1-175D-4844-BE75-8C0FD0BB2276}.Release|x86.Build.0 = Release|Win32
		{B5EC0B92-ACF3-4CFF-86E1-4D141EB63DEB}.Debug|x64.ActiveCfg = Debug|x64
		{B5EC0B92-ACF3-4CFF-86E1-4D141EB63DEB}.Debug|x64.Build.0 = Debug|x64
		{B5EC0B92-ACF3-4CFF-86E1-4D141EB63DEB}.Debug|x86.ActiveCfg = Debug|Win32
		{B5EC0B92-ACF3-4CFF-86E1-4D141EB63DEB}.Debug|x86.Build.0 = Debug|Win32
		{B5EC0B92-ACF3-4CFF-86E1-4D141EB63DEB}.Release|x64.ActiveCfg = Release|x64
		{B5EC0B92-ACF3-4CFF-86E1-4D141EB63DEB}.Release|x64.Build.0 = Release|x64
		{B5EC0B92-ACF3-4CFF-86E1-4D141EB63DEB}.Release|x86.ActiveCfg = Release|Win32
		{B5EC0B92-ACF3-4CFF-86E1-4D141EB63DEB}.Release|x86.Build.0 = Release|Win32
		{E89B68B2-FBC4-4565-A035-29505F3D1702}.Debug|x64.ActiveCfg = Debug|x64
		{E89B68B2-FBC4-4565-A035-29505F3D1702}.Debug|x64.Build.0 = Debug|x64
		{E89B68B2-FBC4-4565-A035-29505F3D1702}.Debug|x86.ActiveCfg = Debug|Win32
		{E89B68B2-FBC4-4565-A035-29505F3D1702}.Debug|x86.Build.0 = Debug|Win32
		{E89B68B2-FBC4-4565-A035-29505F3D1702}.Release|x64.ActiveCfg = Release|x64
		{E89B68B2-FBC4-4565-A035-29505F3D1702}.Release|x64.Build.0 = Release|x64
		{E89B68B2-FBC4-4565-A035-29505F3D1702}.Release|x86.ActiveCfg = Release|Win32
		{E89B68B2-FBC4-4565-A035-29505F3D1702}.Release|x86.Build.0 = Release|Win32
		{F49E6FEC-ABF4-4317-BE92-907F6D00D948}.Debug|x64.ActiveCfg = Debug|x64
		{F49E6FEC-ABF4-4317-BE92-907F6D00D948}.Debug|x64.Build.0 = Debug|x64
		{F49E6FEC-ABF4-4317-BE92-907F6D00D948}.Debug|x86.ActiveCfg = Debug|Win32
		{F49E6FEC-ABF4-4317-BE92-907F6D00D948}.Debug|x86.Build.0 = Debug|Win32
		{F49E6FEC-ABF4-4317-BE92-907F6D00D948}.Release|x64.ActiveCfg = Release|x64
		{F49E6FEC-ABF4-4317-BE92-907F6D00D948}.Release|x64.Build.0 = Release|x64
		{F49E6FEC-ABF4-4317-BE92-907F6D00D948}.Release|x86.ActiveCfg = Release|Win32
		{F49E6FEC-ABF4-4317-BE92-907F6D00D948}.Release|x86.Build.0 = Release|Win32
		{6A2F7E6C-9A1B-4C2D-8E3F-7B5A1C2D3E4F}.Debug|x64.ActiveCfg = Debug|x64
		{6A2F7E6C-9A1B-4C2D-8E3F-7B5A1C2D3E4F}.Debug|x64.Build.0 = Debug|x64
		{6A2F7E6C-9A1B-4C2D-8E3F-7B5A1C2D3E4F}.Debug|x86.ActiveCfg = Debug|Win32
		{6A2F7E6C-9A1B-4C2D-8E3F-7B5A1C2D3E4F}.Debug|x86.Build.0 = Debug|Win32
		{6A2F7E6C-9A1B-4C2D-8E3F-7B5A1C2D3E4F}.Release|x64.ActiveCfg = Release|x64
		{6A2F7E6C-9A1B-4C2D-8E3F-7B5A1C2D3E4F}.Release|x64.Build.0 = Release|x64
		{6A2F7E6C-9A1B-4C2D-8E3F-7B5A1C2D3E4F}.Release|x86.ActiveCfg = Release|Win32
		{6A2F7E6C-9A1B-4C2D-8E3F-7B5A1C2D3E4F}.Release|x86.Build.0 = Release|Win32
		{5B2E8F7D-0B2C-5D3E-9F4A-8C6B2D3E4F5A}.Debug|x64.ActiveCfg = Debug|x64
		{5B2E8F7D-0B2C-5D3E-9F4A-8C6B2D3E4F5A}.Debug|x64.Build.0 = Debug|x64
		{5B2E8F7D-0B2C-5D3E-9F4A-8C6B2D3E4F5A}.Debug|x86.ActiveCfg = Debug|Win32
		{5B2E8F7D-0B2C-5D3E-9F4A-8C6B2D3E4F5A}.Debug|x86.Build.0 = Debug|Win32
		{5B2E8F7D-0B2C-5D3E-9F4A-8C6B2D3E4F5A}.Release|x64.ActiveCfg = Release|x64
		{5B2E8F7D-0B2C-5D3E-9F4A-8C6B2D3E4F5A}.Release|x64.Build.0 = Release|x64
		{5B2E8F7D-0B2C-5D3E-9F4A-8C6B2D3E4F5A}.Release|x86.ActiveCfg = Release|Win32
		{5B2E8F7D-0B2C-5D3E-9F4A-8C6B2D3E4F5A}.Release|x86.Build.0 = Release|Win32
		{A3B8D1B6-0B3B-4B1A-9C14-1A2B3C4D5E6F}.Debug|x64.ActiveCfg = Debug|x64
		{A3B8D1B6-0B3B-4B1A-9C14-1A2B3C4D5E6F}.Debug|x64.Build.0 = Debug|x64
		{A3B8D1B6-0B3B-4B1A-9C14-1A2B3C4D5E6F}.Debug|x86.ActiveCfg = Debug|Win32
		{A3B8D1B6-0B3B-4B1A-9C14-1A2B3C4D5E6F}.Debug|x86.Build.0 = Debug|Win32
		{A3B8D1B6-0B3B-4B1A-9C14-1A2B3C4D5E6F}.Release|x64.ActiveCfg = Release|x64
		{A3B8D1B6-0B3B-4B1A-9C14-1A2B3C4D5E6F}.Release|x64.Build.0 = Release|x64
		{A3B8D1B6-0B3B-4B1A-9C14-1A2B3C4D5E6F}.Release|x86.ActiveCfg = Release|Win32
		{A3B8D1B6-0B3B-4B1A-9C14-1A2B3C4D5E6F}.Release|x86.Build.0 = Release|Win32
		{FE964760-67ED-46AE-A7E1-2DBA71E958FD}.Debug|x64.ActiveCfg = Debug|x64
		{FE964760-67ED-46AE-A7E1-2DBA71E958FD}.Debug|x64.Build.0 = Debug|x64
		{FE964760-67ED-46AE-A7E1-2DBA71E958FD}.Debug|x86.ActiveCfg = Debug|Win32
		{FE964760-67ED-46AE-A7E1-2DBA71E958FD}.Debug|x86.Build.0 = Debug|Win32
		{FE964760-67ED-46AE-A7E1-2DBA71E958FD}.Release|x64.ActiveCfg = Release|x64
		{FE964760-67ED-46AE-A7E1-2DBA71E958FD}.Release|x64.Build.0 = Release|x64
		{FE964760-67ED-46AE-A7E1-2DBA71E958FD}.Release|x86.ActiveCfg = Release|Win32
		{FE964760-67ED-46AE-A7E1-2DBA71E958FD}.Release|x86.Build.0 = Release|Win32
		{3A8B1C2D-E4F5-4001-A2B3-C4D5E6F7A8B9}.Debug|x64.ActiveCfg = Debug|x64
		{3A8B1C2D-E4F5-4001-A2B3-C4D5E6F7A8B9}.Debug|x64.Build.0 = Debug|x64
		{3A8B1C2D-E4F5-4001-A2B3-C4D5E6F7A8B9}.Debug|x86.ActiveCfg = Debug|Win32
		{3A8B1C2D-E4F5-4001-A2B3-C4D5E6F7A8B9}.Debug|x86.Build.0 = Debug|Win32
		{3A8B1C2D-E4F5-4001-A2B3-C4D5E6F7A8B9}.Release|x64.ActiveCfg = Release|x64
		{3A8B1C2D-E4F5-4001-A2B3-C4D5E6F7A8B9}.Release|x64.Build.0 = Release|x64
		{3A8B1C2D-E4F5-4001-A2B3-C4D5E6F7A8B9}.Release|x86.ActiveCfg = Release|Win32
		{3A8B1C2D-E4F5-4001-A2B3-C4D5E6F7A8B9}.Release|x86.Build.0 = Release|Win32
		{4B9C2D3E-F5A6-4002-B3C4-D5E6F7A8B9C0}.Debug|x64.ActiveCfg = Debug|x64
		{4B9C2D3E-F5A6-4002-B3C4-D5E6F7A8B9C0}.Debug|x64.Build.0 = Debug|x64
		{4B9C2D3E-F5A6-4002-B3C4-D5E6F7A8B9C0}.Debug|x86.ActiveCfg = Debug|Win32
		{4B9C2D3E-F5A6-4002-B3C4-D5E6F7A8B9C0}.Debug|x86.Build.0 = Debug|Win32
		{4B9C2D3E-F5A6-4002-B3C4-D5E6F7A8B9C0}.Release|x64.ActiveCfg = Release|x64
		{4B9C2D3E-F5A6-4002-B3C4-D5E6F7A8B9C0}.Release|x64.Build.0 = Release|x64
		{4B9C2D3E-F5A6-4002-B3C4-D5E6F7A8B9C0}.Release|x86.ActiveCfg = Release|Win32
		{4B9C2D3E-F5A6-4002-B3C4-D5E6F7A8B9C0}.Release|x86.Build.0 = Release|Win32
		{E84E5988-16BE-4AF4-8E49-47DEF26AEF9A}.Debug|x64.ActiveCfg = Debug|x64
		{E84E5988-16BE-4AF4-8E49-47DEF26AEF9A}.Debug|x64.Build.0 = Debug|x64
		{E84E5988-16BE-4AF4-8E49-47DEF26AEF9A}.Debug|x86.ActiveCfg = Debug|Win32
		{E84E5988-16BE-4AF4-8E49-47DEF26AEF9A}.Debug|x86.Build.0 = Debug|Win32
		{E84E5988-16BE-4AF4-8E49-47DEF26AEF9A}.Release|x64.ActiveCfg = Release|x64
		{E84E5988-16BE-4AF4-8E49-47DEF26AEF9A}.Release|x64.Build.0 = Release|x64
		{E84E5988-16BE-4AF4-8E49-47DEF26AEF9A}.Release|x86.ActiveCfg = Release|Win32
		{E84E5988-16BE-4AF4-8E49-47DEF26AEF9A}.Release|x86.Build.0 = Release|Win32
		{96E19982-90BD-4DAF-ADFC-207BC7C0F3E2}.Debug|x64.ActiveCfg = Debug|x64
		{96E19982-90BD-4DAF-ADFC-207BC7C0F3E2}.Debug|x64.Build.0 = Debug|x64
		{96E19982-90BD-4DAF-ADFC-207BC7C0F3E2}.Debug|x86.ActiveCfg = Debug|Win32
		{96E19982-90BD-4DAF-ADFC-207BC7C0F3E2}.Debug|x86.Build.0 = Debug|Win32
		{96E19982-90BD-4DAF-ADFC-207BC7C0F3E2}.Release|x64.ActiveCfg = Release|x64
		{96E19982-90BD-4DAF-ADFC-207BC7C0F3E2}.Release|x64.Build.0 = Release|x64
		{96E19982-90BD-4DAF-ADFC-207BC7C0F3E2}.Release|x86.ActiveCfg = Release|Win32
		{96E19982-90BD-4DAF-ADFC-207BC7C0F3E2}.Release|x86.Build.0 = Release|Win32
	EndGlobalSection
	GlobalSection(SolutionProperties) = preSolution
		HideSolutionNode = FALSE
	EndGlobalSection
	GlobalSection(ExtensibilityGlobals) = postSolution
		SolutionGuid = {11780AF3-D42D-4233-9C99-81EE5E4E5BBA}
	EndGlobalSection
EndGlobal
