
Microsoft Visual Studio Solution File, Format Version 12.00
# Visual Studio Version 17
VisualStudioVersion = 17.14.37012.4
MinimumVisualStudioVersion = 10.0.40219.1
Project("{8BC9CEB8-8B4A-11D0-8D11-00A0C91BC942}") = "net.server", "src\net.server\net.server.vcxproj", "{4C0C4FD0-CCCC-4693-9F01-22E048ABF2D0}"
EndProject
Project("{8BC9CEB8-8B4A-11D0-8D11-00A0C91BC942}") = "net.common", "src\net.common\net.common.vcxproj", "{6A8DBBEF-B799-43D5-A34F-E67CD3B72F6F}"
EndProject
Project("{8BC9CEB8-8B4A-11D0-8D11-00A0C91BC942}") = "net.packet", "src\net.packet\net.packet.vcxproj", "{8CC74DDE-F086-4093-B541-2D4EB6BBF7BB}"
	ProjectSection(ProjectDependencies) = postProject
		{6A8DBBEF-B799-43D5-A34F-E67CD3B72F6F} = {6A8DBBEF-B799-43D5-A34F-E67CD3B72F6F}
	EndProjectSection
EndProject
Project("{2150E333-8FDC-42A3-9474-1A3956D46DE8}") = "app", "app", "{02EA681E-C7D8-13C7-8484-4AC65E1B71E8}"
EndProject
Project("{2150E333-8FDC-42A3-9474-1A3956D46DE8}") = "lib", "lib", "{E5E4654B-819F-47A3-8C1C-B56C70AEC96B}"
EndProject
Project("{8BC9CEB8-8B4A-11D0-8D11-00A0C91BC942}") = "net.core", "src\net.core\net.core.vcxproj", "{C39087A1-48D6-4898-BDB1-F57601CF46BD}"
	ProjectSection(ProjectDependencies) = postProject
		{17657794-02A1-4980-8EC4-0F64F06E5AED} = {17657794-02A1-4980-8EC4-0F64F06E5AED}
		{6A8DBBEF-B799-43D5-A34F-E67CD3B72F6F} = {6A8DBBEF-B799-43D5-A34F-E67CD3B72F6F}
		{8CC74DDE-F086-4093-B541-2D4EB6BBF7BB} = {8CC74DDE-F086-4093-B541-2D4EB6BBF7BB}
	EndProjectSection
EndProject
Project("{8BC9CEB8-8B4A-11D0-8D11-00A0C91BC942}") = "net.logic", "src\net.logic\net.logic.vcxproj", "{17657794-02A1-4980-8EC4-0F64F06E5AED}"
	ProjectSection(ProjectDependencies) = postProject
		{6A8DBBEF-B799-43D5-A34F-E67CD3B72F6F} = {6A8DBBEF-B799-43D5-A34F-E67CD3B72F6F}
		{8CC74DDE-F086-4093-B541-2D4EB6BBF7BB} = {8CC74DDE-F086-4093-B541-2D4EB6BBF7BB}
	EndProjectSection
EndProject
Global
	GlobalSection(SolutionConfigurationPlatforms) = preSolution
		Debug|x64 = Debug|x64
		Debug|x86 = Debug|x86
		Release|x64 = Release|x64
		Release|x86 = Release|x86
	EndGlobalSection
	GlobalSection(ProjectConfigurationPlatforms) = postSolution
		{4C0C4FD0-CCCC-4693-9F01-22E048ABF2D0}.Debug|x64.ActiveCfg = Debug|x64
		{4C0C4FD0-CCCC-4693-9F01-22E048ABF2D0}.Debug|x64.Build.0 = Debug|x64
		{4C0C4FD0-CCCC-4693-9F01-22E048ABF2D0}.Debug|x86.ActiveCfg = Debug|Win32
		{4C0C4FD0-CCCC-4693-9F01-22E048ABF2D0}.Debug|x86.Build.0 = Debug|Win32
		{4C0C4FD0-CCCC-4693-9F01-22E048ABF2D0}.Release|x64.ActiveCfg = Release|x64
		{4C0C4FD0-CCCC-4693-9F01-22E048ABF2D0}.Release|x64.Build.0 = Release|x64
		{4C0C4FD0-CCCC-4693-9F01-22E048ABF2D0}.Release|x86.ActiveCfg = Release|Win32
		{4C0C4FD0-CCCC-4693-9F01-22E048ABF2D0}.Release|x86.Build.0 = Release|Win32
		{6A8DBBEF-B799-43D5-A34F-E67CD3B72F6F}.Debug|x64.ActiveCfg = Debug|x64
		{6A8DBBEF-B799-43D5-A34F-E67CD3B72F6F}.Debug|x64.Build.0 = Debug|x64
		{6A8DBBEF-B799-43D5-A34F-E67CD3B72F6F}.Debug|x86.ActiveCfg = Debug|Win32
		{6A8DBBEF-B799-43D5-A34F-E67CD3B72F6F}.Debug|x86.Build.0 = Debug|Win32
		{6A8DBBEF-B799-43D5-A34F-E67CD3B72F6F}.Release|x64.ActiveCfg = Release|x64
		{6A8DBBEF-B799-43D5-A34F-E67CD3B72F6F}.Release|x64.Build.0 = Release|x64
		{6A8DBBEF-B799-43D5-A34F-E67CD3B72F6F}.Release|x86.ActiveCfg = Release|Win32
		{6A8DBBEF-B799-43D5-A34F-E67CD3B72F6F}.Release|x86.Build.0 = Release|Win32
		{8CC74DDE-F086-4093-B541-2D4EB6BBF7BB}.Debug|x64.ActiveCfg = Debug|x64
		{8CC74DDE-F086-4093-B541-2D4EB6BBF7BB}.Debug|x64.Build.0 = Debug|x64
		{8CC74DDE-F086-4093-B541-2D4EB6BBF7BB}.Debug|x86.ActiveCfg = Debug|Win32
		{8CC74DDE-F086-4093-B541-2D4EB6BBF7BB}.Debug|x86.Build.0 = Debug|Win32
		{8CC74DDE-F086-4093-B541-2D4EB6BBF7BB}.Release|x64.ActiveCfg = Release|x64
		{8CC74DDE-F086-4093-B541-2D4EB6BBF7BB}.Release|x64.Build.0 = Release|x64
		{8CC74DDE-F086-4093-B541-2D4EB6BBF7BB}.Release|x86.ActiveCfg = Release|Win32
		{8CC74DDE-F086-4093-B541-2D4EB6BBF7BB}.Release|x86.Build.0 = Release|Win32
		{C39087A1-48D6-4898-BDB1-F57601CF46BD}.Debug|x64.ActiveCfg = Debug|x64
		{C39087A1-48D6-4898-BDB1-F57601CF46BD}.Debug|x64.Build.0 = Debug|x64
		{C39087A1-48D6-4898-BDB1-F57601CF46BD}.Debug|x86.ActiveCfg = Debug|Win32
		{C39087A1-48D6-4898-BDB1-F57601CF46BD}.Debug|x86.Build.0 = Debug|Win32
		{C39087A1-48D6-4898-BDB1-F57601CF46BD}.Release|x64.ActiveCfg = Release|x64
		{C39087A1-48D6-4898-BDB1-F57601CF46BD}.Release|x64.Build.0 = Release|x64
		{C39087A1-48D6-4898-BDB1-F57601CF46BD}.Release|x86.ActiveCfg = Release|Win32
		{C39087A1-48D6-4898-BDB1-F57601CF46BD}.Release|x86.Build.0 = Release|Win32
		{17657794-02A1-4980-8EC4-0F64F06E5AED}.Debug|x64.ActiveCfg = Debug|x64
		{17657794-02A1-4980-8EC4-0F64F06E5AED}.Debug|x64.Build.0 = Debug|x64
		{17657794-02A1-4980-8EC4-0F64F06E5AED}.Debug|x86.ActiveCfg = Debug|Win32
		{17657794-02A1-4980-8EC4-0F64F06E5AED}.Debug|x86.Build.0 = Debug|Win32
		{17657794-02A1-4980-8EC4-0F64F06E5AED}.Release|x64.ActiveCfg = Release|x64
		{17657794-02A1-4980-8EC4-0F64F06E5AED}.Release|x64.Build.0 = Release|x64
		{17657794-02A1-4980-8EC4-0F64F06E5AED}.Release|x86.ActiveCfg = Release|Win32
		{17657794-02A1-4980-8EC4-0F64F06E5AED}.Release|x86.Build.0 = Release|Win32
	EndGlobalSection
	GlobalSection(SolutionProperties) = preSolution
		HideSolutionNode = FALSE
	EndGlobalSection
	GlobalSection(NestedProjects) = preSolution
		{4C0C4FD0-CCCC-4693-9F01-22E048ABF2D0} = {02EA681E-C7D8-13C7-8484-4AC65E1B71E8}
		{6A8DBBEF-B799-43D5-A34F-E67CD3B72F6F} = {E5E4654B-819F-47A3-8C1C-B56C70AEC96B}
		{8CC74DDE-F086-4093-B541-2D4EB6BBF7BB} = {E5E4654B-819F-47A3-8C1C-B56C70AEC96B}
		{C39087A1-48D6-4898-BDB1-F57601CF46BD} = {E5E4654B-819F-47A3-8C1C-B56C70AEC96B}
		{17657794-02A1-4980-8EC4-0F64F06E5AED} = {E5E4654B-819F-47A3-8C1C-B56C70AEC96B}
	EndGlobalSection
	GlobalSection(ExtensibilityGlobals) = postSolution
		SolutionGuid = {E75A7D3D-3E11-44F4-908A-631E1C31A2A4}
	EndGlobalSection
EndGlobal
