
Microsoft Visual Studio Solution File, Format Version 12.00
# Visual Studio Version 17
VisualStudioVersion = 17.14.36930.0
MinimumVisualStudioVersion = 10.0.40219.1
Project("{8BC9CEB8-8B4A-11D0-8D11-00A0C91BC942}") = "net.game_server", "src\net.game_server\net.game_server.vcxproj", "{FE964760-67ED-46AE-A7E1-2DBA71E958FD}"
	ProjectSection(ProjectDependencies) = postProject
		{9FAA3DF8-3DC2-4CDD-AABF-7ECAE4A4FDCE} = {9FAA3DF8-3DC2-4CDD-AABF-7ECAE4A4FDCE}
		{B5EC0B92-ACF3-4CFF-86E1-4D141EB63DEB} = {B5EC0B92-ACF3-4CFF-86E1-4D141EB63DEB}
		{E89B68B2-FBC4-4565-A035-29505F3D1702} = {E89B68B2-FBC4-4565-A035-29505F3D1702}
	EndProjectSection
EndProject
Project("{8BC9CEB8-8B4A-11D0-8D11-00A0C91BC942}") = "net.core", "src\net.core\net.core.vcxproj", "{9FAA3DF8-3DC2-4CDD-AABF-7ECAE4A4FDCE}"
	ProjectSection(ProjectDependencies) = postProject
		{B5EC0B92-ACF3-4CFF-86E1-4D141EB63DEB} = {B5EC0B92-ACF3-4CFF-86E1-4D141EB63DEB}
		{E89B68B2-FBC4-4565-A035-29505F3D1702} = {E89B68B2-FBC4-4565-A035-29505F3D1702}
	EndProjectSection
EndProject
Project("{8BC9CEB8-8B4A-11D0-8D11-00A0C91BC942}") = "net.client", "src\net.client\net.client.vcxproj", "{F8423FD1-175D-4844-BE75-8C0FD0BB2276}"
	ProjectSection(ProjectDependencies) = postProject
		{9FAA3DF8-3DC2-4CDD-AABF-7ECAE4A4FDCE} = {9FAA3DF8-3DC2-4CDD-AABF-7ECAE4A4FDCE}
		{B5EC0B92-ACF3-4CFF-86E1-4D141EB63DEB} = {B5EC0B92-ACF3-4CFF-86E1-4D141EB63DEB}
		{E89B68B2-FBC4-4565-A035-29505F3D1702} = {E89B68B2-FBC4-4565-A035-29505F3D1702}
	EndProjectSection
EndProject
Project("{8BC9CEB8-8B4A-11D0-8D11-00A0C91BC942}") = "net.packet", "src\net.packet\net.packet.vcxproj", "{B5EC0B92-ACF3-4CFF-86E1-4D141EB63DEB}"
	ProjectSection(ProjectDependencies) = postProject
		{E89B68B2-FBC4-4565-A035-29505F3D1702} = {E89B68B2-FBC4-4565-A035-29505F3D1702}
	EndProjectSection
EndProject
Project("{8BC9CEB8-8B4A-11D0-8D11-00A0C91BC942}") = "net.common", "src\net.common\net.common.vcxproj", "{E89B68B2-FBC4-4565-A035-29505F3D1702}"
EndProject
Project("{8BC9CEB8-8B4A-11D0-8D11-00A0C91BC942}") = "net.admin", "src\net.admin\net.admin.vcxproj", "{F49E6FEC-ABF4-4317-BE92-907F6D00D948}"
EndProject
Project("{8BC9CEB8-8B4A-11D0-8D11-00A0C91BC942}") = "net.db_server", "src\net.db_server\net.db_server.vcxproj", "{6A2F7E6C-9A1B-4C2D-8E3F-7B5A1C2D3E4F}"
EndProject
Project("{8BC9CEB8-8B4A-11D0-8D11-00A0C91BC942}") = "net.login_server", "src\net.login_server\net.login_server.vcxproj", "{5B2E8F7D-0B2C-5D3E-9F4A-8C6B2D3E4F5A}"
EndProject
Global
	GlobalSection(SolutionConfigurationPlatforms) = preSolution
		Debug|x64 = Debug|x64
		Debug|x86 = Debug|x86
		Release|x64 = Release|x64
		Release|x86 = Release|x86
	EndGlobalSection
	GlobalSection(ProjectConfigurationPlatforms) = postSolution
		{FE964760-67ED-46AE-A7E1-2DBA71E958FD}.Debug|x64.ActiveCfg = Debug|x64
		{FE964760-67ED-46AE-A7E1-2DBA71E958FD}.Debug|x64.Build.0 = Debug|x64
		{FE964760-67ED-46AE-A7E1-2DBA71E958FD}.Debug|x86.ActiveCfg = Debug|Win32
		{FE964760-67ED-46AE-A7E1-2DBA71E958FD}.Debug|x86.Build.0 = Debug|Win32
		{FE964760-67ED-46AE-A7E1-2DBA71E958FD}.Release|x64.ActiveCfg = Release|x64
		{FE964760-67ED-46AE-A7E1-2DBA71E958FD}.Release|x64.Build.0 = Release|x64
		{FE964760-67ED-46AE-A7E1-2DBA71E958FD}.Release|x86.ActiveCfg = Release|Win32
		{FE964760-67ED-46AE-A7E1-2DBA71E958FD}.Release|x86.Build.0 = Release|Win32
		{9FAA3DF8-3DC2-4CDD-AABF-7ECAE4A4FDCE}.Debug|x64.ActiveCfg = Debug|x64
		{9FAA3DF8-3DC2-4CDD-AABF-7ECAE4A4FDCE}.Debug|x64.Build.0 = Debug|x64
		{9FAA3DF8-3DC2-4CDD-AABF-7ECAE4A4FDCE}.Debug|x86.ActiveCfg = Debug|Win32
		{9FAA3DF8-3DC2-4CDD-AABF-7ECAE4A4FDCE}.Debug|x86.Build.0 = Debug|Win32
		{9FAA3DF8-3DC2-4CDD-AABF-7ECAE4A4FDCE}.Release|x64.ActiveCfg = Release|x64
		{9FAA3DF8-3DC2-4CDD-AABF-7ECAE4A4FDCE}.Release|x64.Build.0 = Release|x64
		{9FAA3DF8-3DC2-4CDD-AABF-7ECAE4A4FDCE}.Release|x86.ActiveCfg = Release|Win32
		{9FAA3DF8-3DC2-4CDD-AABF-7ECAE4A4FDCE}.Release|x86.Build.0 = Release|Win32
		{F8423FD1-175D-4844-BE75-8C0FD0BB2276}.Debug|x64.ActiveCfg = Debug|x64
		{F8423FD1-175D-4844-BE75-8C0FD0BB2276}.Debug|x64.Build.0 = Debug|x64
		{F8423FD1-175D-4844-BE75-8C0FD0BB2276}.Debug|x86.ActiveCfg = Debug|Win32
		{F8423FD1-175D-4844-BE75-8C0FD0BB2276}.Debug|x86.Build.0 = Debug|Win32
		{F8423FD1-175D-4844-BE75-8C0FD0BB2276}.Release|x64.ActiveCfg = Release|x64
		{F8423FD1-175D-4844-BE75-8C0FD0BB2276}.Release|x64.Build.0 = Release|x64
		{F8423FD1-175D-4844-BE75-8C0FD0BB2276}.Release|x86.ActiveCfg = Release|Win32
		{F8423FD1-175D-4844-BE75-8C0FD0BB2276}.Release|x86.Build.0 = Release|Win32
		{B5EC0B92-ACF3-4CFF-86E1-4D141EB63DEB}.Debug|x64.ActiveCfg = Debug|x64
		{B5EC0B92-ACF3-4CFF-86E1-4D141EB63DEB}.Debug|x64.Build.0 = Debug|x64
		{B5EC0B92-ACF3-4CFF-86E1-4D141EB63DEB}.Debug|x86.ActiveCfg = Debug|Win32
		{B5EC0B92-ACF3-4CFF-86E1-4D141EB63DEB}.Debug|x86.Build.0 = Debug|Win32
		{B5EC0B92-ACF3-4CFF-86E1-4D141EB63DEB}.Release|x64.ActiveCfg = Release|x64
		{B5EC0B92-ACF3-4CFF-86E1-4D141EB63DEB}.Release|x64.Build.0 = Release|x64
		{B5EC0B92-ACF3-4CFF-86E1-4D141EB63DEB}.Release|x86.ActiveCfg = Release|Win32
		{B5EC0B92-ACF3-4CFF-86E1-4D141EB63DEB}.Release|x86.Build.0 = Release|Win32
		{E89B68B2-FBC4-4565-A035-29505F3D1702}.Debug|x64.ActiveCfg = Debug|x64
		{E89B68B2-FBC4-4565-A035-29505F3D1702}.Debug|x64.Build.0 = Debug|x64
		{E89B68B2-FBC4-4565-A035-29505F3D1702}.Debug|x86.ActiveCfg = Debug|Win32
		{E89B68B2-FBC4-4565-A035-29505F3D1702}.Debug|x86.Build.0 = Debug|Win32
		{E89B68B2-FBC4-4565-A035-29505F3D1702}.Release|x64.ActiveCfg = Release|x64
		{E89B68B2-FBC4-4565-A035-29505F3D1702}.Release|x64.Build.0 = Release|x64
		{E89B68B2-FBC4-4565-A035-29505F3D1702}.Release|x86.ActiveCfg = Release|Win32
		{E89B68B2-FBC4-4565-A035-29505F3D1702}.Release|x86.Build.0 = Release|Win32
		{F49E6FEC-ABF4-4317-BE92-907F6D00D948}.Debug|x64.ActiveCfg = Debug|x64
		{F49E6FEC-ABF4-4317-BE92-907F6D00D948}.Debug|x64.Build.0 = Debug|x64
		{F49E6FEC-ABF4-4317-BE92-907F6D00D948}.Debug|x86.ActiveCfg = Debug|Win32
		{F49E6FEC-ABF4-4317-BE92-907F6D00D948}.Debug|x86.Build.0 = Debug|Win32
		{F49E6FEC-ABF4-4317-BE92-907F6D00D948}.Release|x64.ActiveCfg = Release|x64
		{F49E6FEC-ABF4-4317-BE92-907F6D00D948}.Release|x64.Build.0 = Release|x64
		{F49E6FEC-ABF4-4317-BE92-907F6D00D948}.Release|x86.ActiveCfg = Release|Win32
		{F49E6FEC-ABF4-4317-BE92-907F6D00D948}.Release|x86.Build.0 = Release|Win32
		{6A2F7E6C-9A1B-4C2D-8E3F-7B5A1C2D3E4F}.Debug|x64.ActiveCfg = Debug|x64
		{6A2F7E6C-9A1B-4C2D-8E3F-7B5A1C2D3E4F}.Debug|x64.Build.0 = Debug|x64
		{6A2F7E6C-9A1B-4C2D-8E3F-7B5A1C2D3E4F}.Debug|x86.ActiveCfg = Debug|Win32
		{6A2F7E6C-9A1B-4C2D-8E3F-7B5A1C2D3E4F}.Debug|x86.Build.0 = Debug|Win32
		{6A2F7E6C-9A1B-4C2D-8E3F-7B5A1C2D3E4F}.Release|x64.ActiveCfg = Release|x64
		{6A2F7E6C-9A1B-4C2D-8E3F-7B5A1C2D3E4F}.Release|x64.Build.0 = Release|x64
		{6A2F7E6C-9A1B-4C2D-8E3F-7B5A1C2D3E4F}.Release|x86.ActiveCfg = Release|Win32
		{6A2F7E6C-9A1B-4C2D-8E3F-7B5A1C2D3E4F}.Release|x86.Build.0 = Release|Win32
		{5B2E8F7D-0B2C-5D3E-9F4A-8C6B2D3E4F5A}.Debug|x64.ActiveCfg = Debug|x64
		{5B2E8F7D-0B2C-5D3E-9F4A-8C6B2D3E4F5A}.Debug|x64.Build.0 = Debug|x64
		{5B2E8F7D-0B2C-5D3E-9F4A-8C6B2D3E4F5A}.Debug|x86.ActiveCfg = Debug|Win32
		{5B2E8F7D-0B2C-5D3E-9F4A-8C6B2D3E4F5A}.Debug|x86.Build.0 = Debug|Win32
		{5B2E8F7D-0B2C-5D3E-9F4A-8C6B2D3E4F5A}.Release|x64.ActiveCfg = Release|x64
		{5B2E8F7D-0B2C-5D3E-9F4A-8C6B2D3E4F5A}.Release|x64.Build.0 = Release|x64
		{5B2E8F7D-0B2C-5D3E-9F4A-8C6B2D3E4F5A}.Release|x86.ActiveCfg = Release|Win32
		{5B2E8F7D-0B2C-5D3E-9F4A-8C6B2D3E4F5A}.Release|x86.Build.0 = Release|Win32
	EndGlobalSection
	GlobalSection(SolutionProperties) = preSolution
		HideSolutionNode = FALSE
	EndGlobalSection
	GlobalSection(ExtensibilityGlobals) = postSolution
		SolutionGuid = {11780AF3-D42D-4233-9C99-81EE5E4E5BBA}
	EndGlobalSection
EndGlobal
